
Microsoft Visual Studio Solution File, Format Version 12.00
# Visual Studio Version 16
VisualStudioVersion = 16.0.29920.165
MinimumVisualStudioVersion = 10.0.40219.1
Project("{F184B08F-C81C-45F6-A57F-5ABD9991F28F}") = "EcommerceApp", "EcommerceApp\EcommerceApp.vbproj", "{11213D0D-5F3F-4882-BD12-9510E3442500}"
EndProject
Global
	GlobalSection(SolutionConfigurationPlatforms) = preSolution
		Debug|Any CPU = Debug|Any CPU
		Release|Any CPU = Release|Any CPU
	EndGlobalSection
	GlobalSection(ProjectConfigurationPlatforms) = postSolution
		{11213D0D-5F3F-4882-BD12-9510E3442500}.Debug|Any CPU.ActiveCfg = Debug|Any CPU
		{11213D0D-5F3F-4882-BD12-9510E3442500}.Debug|Any CPU.Build.0 = Debug|Any CPU
		{11213D0D-5F3F-4882-BD12-9510E3442500}.Release|Any CPU.ActiveCfg = Release|Any CPU
		{11213D0D-5F3F-4882-BD12-9510E3442500}.Release|Any CPU.Build.0 = Release|Any CPU
	EndGlobalSection
	GlobalSection(SolutionProperties) = preSolution
		HideSolutionNode = FALSE
	EndGlobalSection
	GlobalSection(ExtensibilityGlobals) = postSolution
		SolutionGuid = {AB455E2B-DC1F-44AD-9C6E-2DE8AB98C8B3}
	EndGlobalSection
EndGlobal
